{
  "name": "root",
  "version": "1.0.0",
  "lockfileVersion": 3,
  "requires": true,
  "packages": {
    "": {
      "name": "root",
      "version": "1.0.0",
      "license": "ISC",
      "dependencies": {
        "bcryptjs": "file:../../../../../Users/asime/AppData/Roaming/npm/node_modules/bcryptjs",
        "connect-flash": "file:../../../../../Users/asime/AppData/Roaming/npm/node_modules/connect-flash",
        "dotenv": "file:../../../../../Users/asime/AppData/Roaming/npm/node_modules/dotenv",
        "express": "file:../../../../../Users/asime/AppData/Roaming/npm/node_modules/express",
        "express-async-handler": "file:../../../../../Users/asime/AppData/Roaming/npm/node_modules/express-async-handler",
        "express-handlebars": "file:../../../../../Users/asime/AppData/Roaming/npm/node_modules/express-handlebars",
        "express-session": "file:../../../../../Users/asime/AppData/Roaming/npm/node_modules/express-session",
        "express-validator": "file:../../../../../Users/asime/AppData/Roaming/npm/node_modules/express-validator",
        "mysql": "file:../../../../../Users/asime/AppData/Roaming/npm/node_modules/mysql",
        "passport": "file:../../../../../Users/asime/AppData/Roaming/npm/node_modules/passport",
        "passport-local": "file:../../../../../Users/asime/AppData/Roaming/npm/node_modules/passport-local"
      },
      "devDependencies": {
        "nodemon": "file:../../../../../Users/asime/AppData/Roaming/npm/node_modules/nodemon"
      }
    },
    "../../../../../Users/asime/AppData/Roaming/npm/node_modules/bcrypt": {
      "version": "5.1.1",
      "extraneous": true,
      "hasInstallScript": true,
      "license": "MIT",
      "dependencies": {
        "@mapbox/node-pre-gyp": "^1.0.11",
        "node-addon-api": "^5.0.0"
      },
      "devDependencies": {
        "jest": "^29.6.2"
      },
      "engines": {
        "node": ">= 10.0.0"
      }
    },
    "../../../../../Users/asime/AppData/Roaming/npm/node_modules/bcryptjs": {
      "version": "2.4.3",
      "license": "MIT",
      "devDependencies": {
        "bcrypt": "latest",
        "closurecompiler": "~1",
        "metascript": "~0.18",
        "testjs": "~1",
        "utfx": "~1"
      }
    },
    "../../../../../Users/asime/AppData/Roaming/npm/node_modules/connect-flash": {
      "version": "0.1.1",
      "devDependencies": {
        "vows": "0.6.x"
      },
      "engines": {
        "node": ">= 0.4.0"
      }
    },
    "../../../../../Users/asime/AppData/Roaming/npm/node_modules/dotenv": {
      "version": "16.0.3",
      "license": "BSD-2-Clause",
      "devDependencies": {
        "@types/node": "^17.0.9",
        "decache": "^4.6.1",
        "dtslint": "^3.7.0",
        "sinon": "^12.0.1",
        "standard": "^16.0.4",
        "standard-markdown": "^7.1.0",
        "standard-version": "^9.3.2",
        "tap": "^15.1.6",
        "tar": "^6.1.11",
        "typescript": "^4.5.4"
      },
      "engines": {
        "node": ">=12"
      }
    },
    "../../../../../Users/asime/AppData/Roaming/npm/node_modules/express": {
      "version": "4.18.2",
      "license": "MIT",
      "dependencies": {
        "accepts": "~1.3.8",
        "array-flatten": "1.1.1",
        "body-parser": "1.20.1",
        "content-disposition": "0.5.4",
        "content-type": "~1.0.4",
        "cookie": "0.5.0",
        "cookie-signature": "1.0.6",
        "debug": "2.6.9",
        "depd": "2.0.0",
        "encodeurl": "~1.0.2",
        "escape-html": "~1.0.3",
        "etag": "~1.8.1",
        "finalhandler": "1.2.0",
        "fresh": "0.5.2",
        "http-errors": "2.0.0",
        "merge-descriptors": "1.0.1",
        "methods": "~1.1.2",
        "on-finished": "2.4.1",
        "parseurl": "~1.3.3",
        "path-to-regexp": "0.1.7",
        "proxy-addr": "~2.0.7",
        "qs": "6.11.0",
        "range-parser": "~1.2.1",
        "safe-buffer": "5.2.1",
        "send": "0.18.0",
        "serve-static": "1.15.0",
        "setprototypeof": "1.2.0",
        "statuses": "2.0.1",
        "type-is": "~1.6.18",
        "utils-merge": "1.0.1",
        "vary": "~1.1.2"
      },
      "devDependencies": {
        "after": "0.8.2",
        "connect-redis": "3.4.2",
        "cookie-parser": "1.4.6",
        "cookie-session": "2.0.0",
        "ejs": "3.1.8",
        "eslint": "8.24.0",
        "express-session": "1.17.2",
        "hbs": "4.2.0",
        "marked": "0.7.0",
        "method-override": "3.0.0",
        "mocha": "10.0.0",
        "morgan": "1.10.0",
        "multiparty": "4.2.3",
        "nyc": "15.1.0",
        "pbkdf2-password": "1.2.1",
        "supertest": "6.3.0",
        "vhost": "~3.0.2"
      },
      "engines": {
        "node": ">= 0.10.0"
      }
    },
    "../../../../../Users/asime/AppData/Roaming/npm/node_modules/express-async-handler": {
      "version": "1.2.0",
      "license": "MIT",
      "devDependencies": {
        "@types/express": "*",
        "chai": "^4.3.4",
        "mocha": "^9.1.3",
        "sinon": "^11.1.2",
        "sinon-chai": "^3.7.0"
      }
    },
    "../../../../../Users/asime/AppData/Roaming/npm/node_modules/express-handlebars": {
      "version": "7.0.4",
      "license": "BSD-3-Clause",
      "dependencies": {
        "glob": "^9.3.2",
        "graceful-fs": "^4.2.11",
        "handlebars": "^4.7.7"
      },
      "devDependencies": {
        "@semantic-release/changelog": "^6.0.2",
        "@semantic-release/commit-analyzer": "^9.0.2",
        "@semantic-release/git": "^10.0.1",
        "@semantic-release/github": "^8.0.7",
        "@semantic-release/npm": "^10.0.2",
        "@semantic-release/release-notes-generator": "^10.0.3",
        "@types/glob": "^8.1.0",
        "@types/jest": "^29.5.0",
        "@types/node": "^18.11.13",
        "@typescript-eslint/eslint-plugin": "^5.56.0",
        "@typescript-eslint/parser": "^5.56.0",
        "eslint": "^8.36.0",
        "eslint-config-standard": "^17.0.0",
        "eslint-plugin-import": "^2.27.5",
        "eslint-plugin-n": "^15.6.1",
        "eslint-plugin-promise": "^6.1.1",
        "jest-cli": "^29.5.0",
        "semantic-release": "^20.1.3",
        "ts-jest": "^29.0.5",
        "typescript": "^5.0.2"
      },
      "engines": {
        "node": ">=v16"
      }
    },
    "../../../../../Users/asime/AppData/Roaming/npm/node_modules/express-session": {
      "version": "1.18.0",
      "license": "MIT",
      "dependencies": {
        "cookie": "0.6.0",
        "cookie-signature": "1.0.7",
        "debug": "2.6.9",
        "depd": "~2.0.0",
        "on-headers": "~1.0.2",
        "parseurl": "~1.3.3",
        "safe-buffer": "5.2.1",
        "uid-safe": "~2.1.5"
      },
      "devDependencies": {
        "after": "0.8.2",
        "cookie-parser": "1.4.6",
        "eslint": "8.56.0",
        "eslint-plugin-markdown": "3.0.1",
        "express": "4.17.3",
        "mocha": "10.2.0",
        "nyc": "15.1.0",
        "supertest": "6.3.4"
      },
      "engines": {
        "node": ">= 0.8.0"
      }
    },
    "../../../../../Users/asime/AppData/Roaming/npm/node_modules/express-validator": {
      "version": "7.0.1",
      "license": "MIT",
      "dependencies": {
        "lodash": "^4.17.21",
        "validator": "^13.9.0"
      },
      "devDependencies": {
        "@docusaurus/core": "^2.2.0",
        "@docusaurus/plugin-client-redirects": "^2.2.0",
        "@docusaurus/preset-classic": "^2.2.0",
        "@types/jest": "^26.0.20",
        "@types/lodash": "^4.14.168",
        "@typescript-eslint/eslint-plugin": "^5.47.1",
        "@typescript-eslint/parser": "^5.47.1",
        "eslint": "^8.30.0",
        "eslint-config-prettier": "^8.5.0",
        "eslint-plugin-import": "^2.26.0",
        "eslint-plugin-prettier": "^4.2.1",
        "jest": "^26.6.3",
        "prettier": "^2.8.1",
        "ts-jest": "^26.4.4",
        "typescript": "~4.3.5"
      },
      "engines": {
        "node": ">= 8.0.0"
      }
    },
    "../../../../../Users/asime/AppData/Roaming/npm/node_modules/mysql": {
      "version": "2.18.1",
      "license": "MIT",
      "dependencies": {
        "bignumber.js": "9.0.0",
        "readable-stream": "2.3.7",
        "safe-buffer": "5.1.2",
        "sqlstring": "2.3.1"
      },
      "devDependencies": {
        "after": "0.8.2",
        "eslint": "5.16.0",
        "seedrandom": "3.0.5",
        "timezone-mock": "0.0.7",
        "urun": "0.0.8",
        "utest": "0.0.8"
      },
      "engines": {
        "node": ">= 0.6"
      }
    },
    "../../../../../Users/asime/AppData/Roaming/npm/node_modules/mysql2": {
      "version": "3.2.0",
      "extraneous": true,
      "license": "MIT",
      "dependencies": {
        "denque": "^2.1.0",
        "generate-function": "^2.3.1",
        "iconv-lite": "^0.6.3",
        "long": "^5.2.1",
        "lru-cache": "^7.14.1",
        "named-placeholders": "^1.1.3",
        "seq-queue": "^0.0.5",
        "sqlstring": "^2.3.2"
      },
      "devDependencies": {
        "@types/chai": "^4.3.4",
        "@types/mocha": "^10.0.0",
        "@types/node": "^18.7.1",
        "@typescript-eslint/eslint-plugin": "^5.42.1",
        "@typescript-eslint/parser": "^5.42.1",
        "assert-diff": "^3.0.2",
        "benchmark": "^2.1.4",
        "c8": "^7.10.0",
        "chai": "^4.3.7",
        "error-stack-parser": "^2.0.3",
        "eslint": "^8.27.0",
        "eslint-config-prettier": "^8.5.0",
        "eslint-plugin-async-await": "0.0.0",
        "eslint-plugin-markdown": "^3.0.0",
        "husky": "^8.0.2",
        "lint-staged": "^13.0.3",
        "mocha": "^10.0.0",
        "portfinder": "^1.0.28",
        "prettier": "^2.4.1",
        "progress": "^2.0.3",
        "typescript": "^4.4.3",
        "urun": "0.0.8",
        "utest": "0.0.8"
      },
      "engines": {
        "node": ">= 8.0"
      }
    },
    "../../../../../Users/asime/AppData/Roaming/npm/node_modules/nodemon": {
      "version": "2.0.22",
      "dev": true,
      "license": "MIT",
      "dependencies": {
        "chokidar": "^3.5.2",
        "debug": "^3.2.7",
        "ignore-by-default": "^1.0.1",
        "minimatch": "^3.1.2",
        "pstree.remy": "^1.1.8",
        "semver": "^5.7.1",
        "simple-update-notifier": "^1.0.7",
        "supports-color": "^5.5.0",
        "touch": "^3.1.0",
        "undefsafe": "^2.0.5"
      },
      "bin": {
        "nodemon": "bin/nodemon.js"
      },
      "devDependencies": {
        "@commitlint/cli": "^11.0.0",
        "@commitlint/config-conventional": "^11.0.0",
        "async": "1.4.2",
        "coffee-script": "~1.7.1",
        "eslint": "^7.32.0",
        "husky": "^7.0.4",
        "mocha": "^2.5.3",
        "nyc": "^15.1.0",
        "proxyquire": "^1.8.0",
        "semantic-release": "^18.0.0",
        "should": "~4.0.0"
      },
      "engines": {
        "node": ">=8.10.0"
      },
      "funding": {
        "type": "opencollective",
        "url": "https://opencollective.com/nodemon"
      }
    },
    "../../../../../Users/asime/AppData/Roaming/npm/node_modules/passport": {
      "version": "0.6.0",
      "license": "MIT",
      "dependencies": {
        "passport-strategy": "1.x.x",
        "pause": "0.0.1",
        "utils-merge": "^1.0.1"
      },
      "devDependencies": {
        "chai": "2.x.x",
        "chai-connect-middleware": "0.3.x",
        "chai-passport-strategy": "0.2.x",
        "make-node": "0.3.x",
        "mocha": "2.x.x",
        "proxyquire": "1.4.x"
      },
      "engines": {
        "node": ">= 0.4.0"
      },
      "funding": {
        "type": "github",
        "url": "https://github.com/sponsors/jaredhanson"
      }
    },
    "../../../../../Users/asime/AppData/Roaming/npm/node_modules/passport-local": {
      "version": "1.0.0",
      "dependencies": {
        "passport-strategy": "1.x.x"
      },
      "devDependencies": {
        "chai": "1.x.x",
        "chai-passport-strategy": "0.1.x",
        "mocha": "1.x.x"
      },
      "engines": {
        "node": ">= 0.4.0"
      }
    },
    "node_modules/bcryptjs": {
      "resolved": "../../../../../Users/asime/AppData/Roaming/npm/node_modules/bcryptjs",
      "link": true
    },
    "node_modules/connect-flash": {
      "resolved": "../../../../../Users/asime/AppData/Roaming/npm/node_modules/connect-flash",
      "link": true
    },
    "node_modules/dotenv": {
      "resolved": "../../../../../Users/asime/AppData/Roaming/npm/node_modules/dotenv",
      "link": true
    },
    "node_modules/express": {
      "resolved": "../../../../../Users/asime/AppData/Roaming/npm/node_modules/express",
      "link": true
    },
    "node_modules/express-async-handler": {
      "resolved": "../../../../../Users/asime/AppData/Roaming/npm/node_modules/express-async-handler",
      "link": true
    },
    "node_modules/express-handlebars": {
      "resolved": "../../../../../Users/asime/AppData/Roaming/npm/node_modules/express-handlebars",
      "link": true
    },
    "node_modules/express-session": {
      "resolved": "../../../../../Users/asime/AppData/Roaming/npm/node_modules/express-session",
      "link": true
    },
    "node_modules/express-validator": {
      "resolved": "../../../../../Users/asime/AppData/Roaming/npm/node_modules/express-validator",
      "link": true
    },
    "node_modules/mysql": {
      "resolved": "../../../../../Users/asime/AppData/Roaming/npm/node_modules/mysql",
      "link": true
    },
    "node_modules/nodemon": {
      "resolved": "../../../../../Users/asime/AppData/Roaming/npm/node_modules/nodemon",
      "link": true
    },
    "node_modules/passport": {
      "resolved": "../../../../../Users/asime/AppData/Roaming/npm/node_modules/passport",
      "link": true
    },
    "node_modules/passport-local": {
      "resolved": "../../../../../Users/asime/AppData/Roaming/npm/node_modules/passport-local",
      "link": true
    }
  }
}
